
Microsoft Visual Studio Solution File, Format Version 12.00
# Visual Studio Version 17
VisualStudioVersion = 17.8.34525.116
MinimumVisualStudioVersion = 10.0.40219.1
Project("{9A19103F-16F7-4668-BE54-9A1E7A4F7556}") = "EnezcamERP", "EnezcamERP\EnezcamERP.csproj", "{8214E491-0D29-42E5-9E64-BB611684F676}"
EndProject
Project("{9A19103F-16F7-4668-BE54-9A1E7A4F7556}") = "DAL", "DAL\DAL.csproj", "{67370932-3C1C-413B-8388-04DDB4EABDB5}"
EndProject
Project("{9A19103F-16F7-4668-BE54-9A1E7A4F7556}") = "BL", "BL\BL.csproj", "{010929E4-14EB-49C4-8393-5581A74B8145}"
EndProject
Global
	GlobalSection(SolutionConfigurationPlatforms) = preSolution
		Debug|Any CPU = Debug|Any CPU
		Release|Any CPU = Release|Any CPU
	EndGlobalSection
	GlobalSection(ProjectConfigurationPlatforms) = postSolution
		{8214E491-0D29-42E5-9E64-BB611684F676}.Debug|Any CPU.ActiveCfg = Debug|Any CPU
		{8214E491-0D29-42E5-9E64-BB611684F676}.Debug|Any CPU.Build.0 = Debug|Any CPU
		{8214E491-0D29-42E5-9E64-BB611684F676}.Release|Any CPU.ActiveCfg = Release|Any CPU
		{8214E491-0D29-42E5-9E64-BB611684F676}.Release|Any CPU.Build.0 = Release|Any CPU
		{67370932-3C1C-413B-8388-04DDB4EABDB5}.Debug|Any CPU.ActiveCfg = Debug|Any CPU
		{67370932-3C1C-413B-8388-04DDB4EABDB5}.Debug|Any CPU.Build.0 = Debug|Any CPU
		{67370932-3C1C-413B-8388-04DDB4EABDB5}.Release|Any CPU.ActiveCfg = Release|Any CPU
		{67370932-3C1C-413B-8388-04DDB4EABDB5}.Release|Any CPU.Build.0 = Release|Any CPU
		{010929E4-14EB-49C4-8393-5581A74B8145}.Debug|Any CPU.ActiveCfg = Debug|Any CPU
		{010929E4-14EB-49C4-8393-5581A74B8145}.Debug|Any CPU.Build.0 = Debug|Any CPU
		{010929E4-14EB-49C4-8393-5581A74B8145}.Release|Any CPU.ActiveCfg = Release|Any CPU
		{010929E4-14EB-49C4-8393-5581A74B8145}.Release|Any CPU.Build.0 = Release|Any CPU
	EndGlobalSection
	GlobalSection(SolutionProperties) = preSolution
		HideSolutionNode = FALSE
	EndGlobalSection
	GlobalSection(ExtensibilityGlobals) = postSolution
		SolutionGuid = {0FBF62FF-ABCD-47FF-856E-F0FF5BFCC289}
	EndGlobalSection
EndGlobal
